{
  "name": "bvh-tester",
  "version": "1.0.0",
  "lockfileVersion": 3,
  "requires": true,
  "packages": {
    "": {
      "name": "bvh-tester",
      "version": "1.0.0",
      "license": "ISC",
      "dependencies": {
        "three": "^0.181.2",
        "three-bvh-csg": "^0.0.17"
      }
    },
    "node_modules/three": {
      "version": "0.181.2",
      "resolved": "https://registry.npmjs.org/three/-/three-0.181.2.tgz",
      "integrity": "sha512-k/CjiZ80bYss6Qs7/ex1TBlPD11whT9oKfT8oTGiHa34W4JRd1NiH/Tr1DbHWQ2/vMUypxksLnF2CfmlmM5XFQ==",
      "license": "MIT",
      "peer": true
    },
    "node_modules/three-bvh-csg": {
      "version": "0.0.17",
      "resolved": "https://registry.npmjs.org/three-bvh-csg/-/three-bvh-csg-0.0.17.tgz",
      "integrity": "sha512-iEkHDF8GRfGM6593Cuw8SnF1vfENCp46gIAtRzuL4nGXGWPcR1sbTBwM9ptDONb5twqlZp5WkAKya5aBKe2qcA==",
      "license": "MIT",
      "peerDependencies": {
        "three": ">=0.151.0",
        "three-mesh-bvh": ">=0.6.6"
      }
    },
    "node_modules/three-mesh-bvh": {
      "version": "0.9.2",
      "resolved": "https://registry.npmjs.org/three-mesh-bvh/-/three-mesh-bvh-0.9.2.tgz",
      "integrity": "sha512-W0oUU4AZv0QwisjlkYlLVaYTVxijhMXCztyNvVlDmTK/u0QB16Xbfem5nWkQBsz3oTzztA1B/ouiz4wYCMj78g==",
      "license": "MIT",
      "peer": true,
      "peerDependencies": {
        "three": ">= 0.159.0"
      }
    }
  }
}
